
Microsoft Visual Studio Solution File, Format Version 12.00
# Visual Studio Version 17
VisualStudioVersion = 17.7.34031.279
MinimumVisualStudioVersion = 10.0.40219.1
Project("{9A19103F-16F7-4668-BE54-9A1E7A4F7556}") = "KioskAppManager", "KioskAppManager.csproj", "{E32FAE8F-65C5-4287-8B35-900FAEA60B22}"
EndProject
Global
	GlobalSection(SolutionConfigurationPlatforms) = preSolution
		Debug|Any CPU = Debug|Any CPU
		Release|Any CPU = Release|Any CPU
	EndGlobalSection
	GlobalSection(ProjectConfigurationPlatforms) = postSolution
		{E32FAE8F-65C5-4287-8B35-900FAEA60B22}.Debug|Any CPU.ActiveCfg = Debug|Any CPU
		{E32FAE8F-65C5-4287-8B35-900FAEA60B22}.Debug|Any CPU.Build.0 = Debug|Any CPU
		{E32FAE8F-65C5-4287-8B35-900FAEA60B22}.Release|Any CPU.ActiveCfg = Release|Any CPU
		{E32FAE8F-65C5-4287-8B35-900FAEA60B22}.Release|Any CPU.Build.0 = Release|Any CPU
	EndGlobalSection
	GlobalSection(SolutionProperties) = preSolution
		HideSolutionNode = FALSE
	EndGlobalSection
	GlobalSection(ExtensibilityGlobals) = postSolution
		SolutionGuid = {C053FB14-34CA-44C4-BBF6-DBEE12707EA2}
	EndGlobalSection
EndGlobal
